
Microsoft Visual Studio Solution File, Format Version 12.00
# Visual Studio Version 16
VisualStudioVersion = 16.0.31005.135
MinimumVisualStudioVersion = 10.0.40219.1
Project("{FAE04EC0-301F-11D3-BF4B-00C04F79EFBC}") = "WindowsFormsApp1", "WindowsFormsApp1\WindowsFormsApp1.csproj", "{CFE94E32-CD16-4BCD-8C76-2392D3C6D9A0}"
EndProject
Global
	GlobalSection(SolutionConfigurationPlatforms) = preSolution
		Debug|Any CPU = Debug|Any CPU
		Release|Any CPU = Release|Any CPU
	EndGlobalSection
	GlobalSection(ProjectConfigurationPlatforms) = postSolution
		{CFE94E32-CD16-4BCD-8C76-2392D3C6D9A0}.Debug|Any CPU.ActiveCfg = Debug|Any CPU
		{CFE94E32-CD16-4BCD-8C76-2392D3C6D9A0}.Debug|Any CPU.Build.0 = Debug|Any CPU
		{CFE94E32-CD16-4BCD-8C76-2392D3C6D9A0}.Release|Any CPU.ActiveCfg = Release|Any CPU
		{CFE94E32-CD16-4BCD-8C76-2392D3C6D9A0}.Release|Any CPU.Build.0 = Release|Any CPU
	EndGlobalSection
	GlobalSection(SolutionProperties) = preSolution
		HideSolutionNode = FALSE
	EndGlobalSection
	GlobalSection(ExtensibilityGlobals) = postSolution
		SolutionGuid = {4B606549-3FE3-4F2A-8132-1F26AB5EC3EC}
	EndGlobalSection
EndGlobal
